# This file is automatically @generated by Cargo.
# It is not intended for manual editing.
version = 3

[[package]]
name = "ddrescue_error_mapping"
version = "0.5.1"
dependencies = [
 "static_vcruntime",
 "text_io",
]

[[package]]
name = "static_vcruntime"
version = "1.5.1"
source = "registry+https://github.com/rust-lang/crates.io-index"
checksum = "a88c15d6fe7210ea80c578b53855615fdea0188e1630b6d9c377e1b2f2c098fa"

[[package]]
name = "text_io"
version = "0.1.10"
source = "registry+https://github.com/rust-lang/crates.io-index"
checksum = "442f2674e6bd8489052b958e0eaebd89c26eefa3be9dc359d1e2ecccdc510f45"
